
Microsoft Visual Studio Solution File, Format Version 9.00
# Visual Studio 2005
Project("{8BC9CEB8-8B4A-11D0-8D11-00A0C91BC942}") = "ATA_Bench", "ATA_Bench.vcproj", "{838B0A31-E7C5-43AB-AF2D-95465E42AF4F}"
EndProject
Global
	GlobalSection(SolutionConfigurationPlatforms) = preSolution
		Debug|Win32 = Debug|Win32
		Release|Win32 = Release|Win32
	EndGlobalSection
	GlobalSection(ProjectConfigurationPlatforms) = postSolution
		{838B0A31-E7C5-43AB-AF2D-95465E42AF4F}.Debug|Win32.ActiveCfg = Debug|Win32
		{838B0A31-E7C5-43AB-AF2D-95465E42AF4F}.Debug|Win32.Build.0 = Debug|Win32
		{838B0A31-E7C5-43AB-AF2D-95465E42AF4F}.Release|Win32.ActiveCfg = Release|Win32
		{838B0A31-E7C5-43AB-AF2D-95465E42AF4F}.Release|Win32.Build.0 = Release|Win32
	EndGlobalSection
	GlobalSection(SolutionProperties) = preSolution
		HideSolutionNode = FALSE
	EndGlobalSection
EndGlobal
